// !$*UTF8*$!
{
	archiveVersion = 1;
	classes = {
	};
	objectVersion = 55;
	objects = {

/* Begin PBXBuildFile section */
		890032F1278EE8A60098661F /* UIVC+Utils.swift in Sources */ = {isa = PBXBuildFile; fileRef = 890032F0278EE8A60098661F /* UIVC+Utils.swift */; };
		890032F3278EEC790098661F /* MainViewController.swift in Sources */ = {isa = PBXBuildFile; fileRef = 890032F2278EEC790098661F /* MainViewController.swift */; };
		890F0CEF2791E7AB00366F47 /* LoginProtocol.swift in Sources */ = {isa = PBXBuildFile; fileRef = 890F0CEE2791E7AB00366F47 /* LoginProtocol.swift */; };
		891D4C37279737DA005D5A8B /* AccountSummaryViewController.swift in Sources */ = {isa = PBXBuildFile; fileRef = 891D4C36279737DA005D5A8B /* AccountSummaryViewController.swift */; };
		8931ED86278DA0950060E8D1 /* DummyViewController.swift in Sources */ = {isa = PBXBuildFile; fileRef = 8931ED85278DA0950060E8D1 /* DummyViewController.swift */; };
		8931ED89278DACAC0060E8D1 /* LocalState.swift in Sources */ = {isa = PBXBuildFile; fileRef = 8931ED88278DACAC0060E8D1 /* LocalState.swift */; };
		8975C4BC278C64ED004528B8 /* OnboardContainerVC.swift in Sources */ = {isa = PBXBuildFile; fileRef = 8975C4BB278C64ED004528B8 /* OnboardContainerVC.swift */; };
		8975C4BE278C77B7004528B8 /* OnboardVC.swift in Sources */ = {isa = PBXBuildFile; fileRef = 8975C4BD278C77B7004528B8 /* OnboardVC.swift */; };
		89B83074278B4F8E0004456A /* AppDelegate.swift in Sources */ = {isa = PBXBuildFile; fileRef = 89B83073278B4F8E0004456A /* AppDelegate.swift */; };
		89B83078278B4F8E0004456A /* LoginViewController.swift in Sources */ = {isa = PBXBuildFile; fileRef = 89B83077278B4F8E0004456A /* LoginViewController.swift */; };
		89B8307D278B4F910004456A /* Assets.xcassets in Resources */ = {isa = PBXBuildFile; fileRef = 89B8307C278B4F910004456A /* Assets.xcassets */; };
		89B83080278B4F910004456A /* LaunchScreen.storyboard in Resources */ = {isa = PBXBuildFile; fileRef = 89B8307E278B4F910004456A /* LaunchScreen.storyboard */; };
		89B8308A278B58710004456A /* LoginView.swift in Sources */ = {isa = PBXBuildFile; fileRef = 89B83089278B58710004456A /* LoginView.swift */; };
		89E85C9B279B2095008FF159 /* AccountSummaryHeaderView.swift in Sources */ = {isa = PBXBuildFile; fileRef = 89E85C9A279B2095008FF159 /* AccountSummaryHeaderView.swift */; };
		89E85C9D279B20F6008FF159 /* AccountSummaryHeaderView.xib in Resources */ = {isa = PBXBuildFile; fileRef = 89E85C9C279B20F6008FF159 /* AccountSummaryHeaderView.xib */; };
/* End PBXBuildFile section */

/* Begin PBXFileReference section */
		890032F0278EE8A60098661F /* UIVC+Utils.swift */ = {isa = PBXFileReference; lastKnownFileType = sourcecode.swift; path = "UIVC+Utils.swift"; sourceTree = "<group>"; };
		890032F2278EEC790098661F /* MainViewController.swift */ = {isa = PBXFileReference; lastKnownFileType = sourcecode.swift; path = MainViewController.swift; sourceTree = "<group>"; };
		890F0CEE2791E7AB00366F47 /* LoginProtocol.swift */ = {isa = PBXFileReference; lastKnownFileType = sourcecode.swift; path = LoginProtocol.swift; sourceTree = "<group>"; };
		891D4C36279737DA005D5A8B /* AccountSummaryViewController.swift */ = {isa = PBXFileReference; lastKnownFileType = sourcecode.swift; path = AccountSummaryViewController.swift; sourceTree = "<group>"; };
		8931ED85278DA0950060E8D1 /* DummyViewController.swift */ = {isa = PBXFileReference; lastKnownFileType = sourcecode.swift; path = DummyViewController.swift; sourceTree = "<group>"; };
		8931ED88278DACAC0060E8D1 /* LocalState.swift */ = {isa = PBXFileReference; lastKnownFileType = sourcecode.swift; path = LocalState.swift; sourceTree = "<group>"; };
		8975C4BB278C64ED004528B8 /* OnboardContainerVC.swift */ = {isa = PBXFileReference; lastKnownFileType = sourcecode.swift; path = OnboardContainerVC.swift; sourceTree = "<group>"; };
		8975C4BD278C77B7004528B8 /* OnboardVC.swift */ = {isa = PBXFileReference; lastKnownFileType = sourcecode.swift; path = OnboardVC.swift; sourceTree = "<group>"; };
		89B83070278B4F8E0004456A /* Bankey.app */ = {isa = PBXFileReference; explicitFileType = wrapper.application; includeInIndex = 0; path = Bankey.app; sourceTree = BUILT_PRODUCTS_DIR; };
		89B83073278B4F8E0004456A /* AppDelegate.swift */ = {isa = PBXFileReference; lastKnownFileType = sourcecode.swift; path = AppDelegate.swift; sourceTree = "<group>"; };
		89B83077278B4F8E0004456A /* LoginViewController.swift */ = {isa = PBXFileReference; lastKnownFileType = sourcecode.swift; path = LoginViewController.swift; sourceTree = "<group>"; };
		89B8307C278B4F910004456A /* Assets.xcassets */ = {isa = PBXFileReference; lastKnownFileType = folder.assetcatalog; path = Assets.xcassets; sourceTree = "<group>"; };
		89B8307F278B4F910004456A /* Base */ = {isa = PBXFileReference; lastKnownFileType = file.storyboard; name = Base; path = Base.lproj/LaunchScreen.storyboard; sourceTree = "<group>"; };
		89B83081278B4F910004456A /* Info.plist */ = {isa = PBXFileReference; lastKnownFileType = text.plist.xml; path = Info.plist; sourceTree = "<group>"; };
		89B83089278B58710004456A /* LoginView.swift */ = {isa = PBXFileReference; lastKnownFileType = sourcecode.swift; path = LoginView.swift; sourceTree = "<group>"; };
		89E452C3278C8A4F001C13F5 /* README.md */ = {isa = PBXFileReference; lastKnownFileType = net.daringfireball.markdown; path = README.md; sourceTree = "<group>"; };
		89E85C9A279B2095008FF159 /* AccountSummaryHeaderView.swift */ = {isa = PBXFileReference; lastKnownFileType = sourcecode.swift; path = AccountSummaryHeaderView.swift; sourceTree = "<group>"; };
		89E85C9C279B20F6008FF159 /* AccountSummaryHeaderView.xib */ = {isa = PBXFileReference; lastKnownFileType = file.xib; path = AccountSummaryHeaderView.xib; sourceTree = "<group>"; };
/* End PBXFileReference section */

/* Begin PBXFrameworksBuildPhase section */
		89B8306D278B4F8E0004456A /* Frameworks */ = {
			isa = PBXFrameworksBuildPhase;
			buildActionMask = 2147483647;
			files = (
			);
			runOnlyForDeploymentPostprocessing = 0;
		};
/* End PBXFrameworksBuildPhase section */

/* Begin PBXGroup section */
		890032F4278EF6A60098661F /* Origin */ = {
			isa = PBXGroup;
			children = (
				89B83073278B4F8E0004456A /* AppDelegate.swift */,
				890032F2278EEC790098661F /* MainViewController.swift */,
			);
			path = Origin;
			sourceTree = "<group>";
		};
		891D4C35279736FC005D5A8B /* AccountSummary */ = {
			isa = PBXGroup;
			children = (
				891D4C36279737DA005D5A8B /* AccountSummaryViewController.swift */,
				89E85C9A279B2095008FF159 /* AccountSummaryHeaderView.swift */,
				89E85C9C279B20F6008FF159 /* AccountSummaryHeaderView.xib */,
			);
			path = AccountSummary;
			sourceTree = "<group>";
		};
		8931ED87278DAC770060E8D1 /* Utilites */ = {
			isa = PBXGroup;
			children = (
				8931ED88278DACAC0060E8D1 /* LocalState.swift */,
				890032F0278EE8A60098661F /* UIVC+Utils.swift */,
			);
			path = Utilites;
			sourceTree = "<group>";
		};
		8975C4BA278C6472004528B8 /* Onboarding */ = {
			isa = PBXGroup;
			children = (
				8975C4BB278C64ED004528B8 /* OnboardContainerVC.swift */,
				8975C4BD278C77B7004528B8 /* OnboardVC.swift */,
			);
			path = Onboarding;
			sourceTree = "<group>";
		};
		898007AD2790D3CB00B2662B /* Info */ = {
			isa = PBXGroup;
			children = (
				89B83081278B4F910004456A /* Info.plist */,
			);
			name = Info;
			sourceTree = "<group>";
		};
		89B83067278B4F8E0004456A = {
			isa = PBXGroup;
			children = (
				89E452C3278C8A4F001C13F5 /* README.md */,
				89B83072278B4F8E0004456A /* Bankey */,
				89B83071278B4F8E0004456A /* Products */,
			);
			sourceTree = "<group>";
		};
		89B83071278B4F8E0004456A /* Products */ = {
			isa = PBXGroup;
			children = (
				89B83070278B4F8E0004456A /* Bankey.app */,
			);
			name = Products;
			sourceTree = "<group>";
		};
		89B83072278B4F8E0004456A /* Bankey */ = {
			isa = PBXGroup;
			children = (
				890032F4278EF6A60098661F /* Origin */,
				89B83088278B582F0004456A /* Login */,
				8975C4BA278C6472004528B8 /* Onboarding */,
				891D4C35279736FC005D5A8B /* AccountSummary */,
				8931ED87278DAC770060E8D1 /* Utilites */,
				89B83087278B57AF0004456A /* Files */,
				898007AD2790D3CB00B2662B /* Info */,
			);
			path = Bankey;
			sourceTree = "<group>";
		};
		89B83087278B57AF0004456A /* Files */ = {
			isa = PBXGroup;
			children = (
				89B8307C278B4F910004456A /* Assets.xcassets */,
				89B8307E278B4F910004456A /* LaunchScreen.storyboard */,
			);
			path = Files;
			sourceTree = "<group>";
		};
		89B83088278B582F0004456A /* Login */ = {
			isa = PBXGroup;
			children = (
				89B83089278B58710004456A /* LoginView.swift */,
				89B83077278B4F8E0004456A /* LoginViewController.swift */,
				8931ED85278DA0950060E8D1 /* DummyViewController.swift */,
				890F0CEE2791E7AB00366F47 /* LoginProtocol.swift */,
			);
			path = Login;
			sourceTree = "<group>";
		};
/* End PBXGroup section */

/* Begin PBXNativeTarget section */
		89B8306F278B4F8E0004456A /* Bankey */ = {
			isa = PBXNativeTarget;
			buildConfigurationList = 89B83084278B4F910004456A /* Build configuration list for PBXNativeTarget "Bankey" */;
			buildPhases = (
				89B8306C278B4F8E0004456A /* Sources */,
				89B8306D278B4F8E0004456A /* Frameworks */,
				89B8306E278B4F8E0004456A /* Resources */,
			);
			buildRules = (
			);
			dependencies = (
			);
			name = Bankey;
			productName = Bankey;
			productReference = 89B83070278B4F8E0004456A /* Bankey.app */;
			productType = "com.apple.product-type.application";
		};
/* End PBXNativeTarget section */

/* Begin PBXProject section */
		89B83068278B4F8E0004456A /* Project object */ = {
			isa = PBXProject;
			attributes = {
				BuildIndependentTargetsInParallel = 1;
				LastSwiftUpdateCheck = 1320;
				LastUpgradeCheck = 1320;
				TargetAttributes = {
					89B8306F278B4F8E0004456A = {
						CreatedOnToolsVersion = 13.2.1;
					};
				};
			};
			buildConfigurationList = 89B8306B278B4F8E0004456A /* Build configuration list for PBXProject "Bankey" */;
			compatibilityVersion = "Xcode 13.0";
			developmentRegion = en;
			hasScannedForEncodings = 0;
			knownRegions = (
				en,
				Base,
			);
			mainGroup = 89B83067278B4F8E0004456A;
			productRefGroup = 89B83071278B4F8E0004456A /* Products */;
			projectDirPath = "";
			projectRoot = "";
			targets = (
				89B8306F278B4F8E0004456A /* Bankey */,
			);
		};
/* End PBXProject section */

/* Begin PBXResourcesBuildPhase section */
		89B8306E278B4F8E0004456A /* Resources */ = {
			isa = PBXResourcesBuildPhase;
			buildActionMask = 2147483647;
			files = (
				89E85C9D279B20F6008FF159 /* AccountSummaryHeaderView.xib in Resources */,
				89B83080278B4F910004456A /* LaunchScreen.storyboard in Resources */,
				89B8307D278B4F910004456A /* Assets.xcassets in Resources */,
			);
			runOnlyForDeploymentPostprocessing = 0;
		};
/* End PBXResourcesBuildPhase section */

/* Begin PBXSourcesBuildPhase section */
		89B8306C278B4F8E0004456A /* Sources */ = {
			isa = PBXSourcesBuildPhase;
			buildActionMask = 2147483647;
			files = (
				89E85C9B279B2095008FF159 /* AccountSummaryHeaderView.swift in Sources */,
				89B8308A278B58710004456A /* LoginView.swift in Sources */,
				8931ED89278DACAC0060E8D1 /* LocalState.swift in Sources */,
				8931ED86278DA0950060E8D1 /* DummyViewController.swift in Sources */,
				89B83078278B4F8E0004456A /* LoginViewController.swift in Sources */,
				8975C4BE278C77B7004528B8 /* OnboardVC.swift in Sources */,
				89B83074278B4F8E0004456A /* AppDelegate.swift in Sources */,
				890032F3278EEC790098661F /* MainViewController.swift in Sources */,
				890F0CEF2791E7AB00366F47 /* LoginProtocol.swift in Sources */,
				891D4C37279737DA005D5A8B /* AccountSummaryViewController.swift in Sources */,
				890032F1278EE8A60098661F /* UIVC+Utils.swift in Sources */,
				8975C4BC278C64ED004528B8 /* OnboardContainerVC.swift in Sources */,
			);
			runOnlyForDeploymentPostprocessing = 0;
		};
/* End PBXSourcesBuildPhase section */

/* Begin PBXVariantGroup section */
		89B8307E278B4F910004456A /* LaunchScreen.storyboard */ = {
			isa = PBXVariantGroup;
			children = (
				89B8307F278B4F910004456A /* Base */,
			);
			name = LaunchScreen.storyboard;
			sourceTree = "<group>";
		};
/* End PBXVariantGroup section */

/* Begin XCBuildConfiguration section */
		89B83082278B4F910004456A /* Debug */ = {
			isa = XCBuildConfiguration;
			buildSettings = {
				ALWAYS_SEARCH_USER_PATHS = NO;
				CLANG_ANALYZER_NONNULL = YES;
				CLANG_ANALYZER_NUMBER_OBJECT_CONVERSION = YES_AGGRESSIVE;
				CLANG_CXX_LANGUAGE_STANDARD = "gnu++17";
				CLANG_CXX_LIBRARY = "libc++";
				CLANG_ENABLE_MODULES = YES;
				CLANG_ENABLE_OBJC_ARC = YES;
				CLANG_ENABLE_OBJC_WEAK = YES;
				CLANG_WARN_BLOCK_CAPTURE_AUTORELEASING = YES;
				CLANG_WARN_BOOL_CONVERSION = YES;
				CLANG_WARN_COMMA = YES;
				CLANG_WARN_CONSTANT_CONVERSION = YES;
				CLANG_WARN_DEPRECATED_OBJC_IMPLEMENTATIONS = YES;
				CLANG_WARN_DIRECT_OBJC_ISA_USAGE = YES_ERROR;
				CLANG_WARN_DOCUMENTATION_COMMENTS = YES;
				CLANG_WARN_EMPTY_BODY = YES;
				CLANG_WARN_ENUM_CONVERSION = YES;
				CLANG_WARN_INFINITE_RECURSION = YES;
				CLANG_WARN_INT_CONVERSION = YES;
				CLANG_WARN_NON_LITERAL_NULL_CONVERSION = YES;
				CLANG_WARN_OBJC_IMPLICIT_RETAIN_SELF = YES;
				CLANG_WARN_OBJC_LITERAL_CONVERSION = YES;
				CLANG_WARN_OBJC_ROOT_CLASS = YES_ERROR;
				CLANG_WARN_QUOTED_INCLUDE_IN_FRAMEWORK_HEADER = YES;
				CLANG_WARN_RANGE_LOOP_ANALYSIS = YES;
				CLANG_WARN_STRICT_PROTOTYPES = YES;
				CLANG_WARN_SUSPICIOUS_MOVE = YES;
				CLANG_WARN_UNGUARDED_AVAILABILITY = YES_AGGRESSIVE;
				CLANG_WARN_UNREACHABLE_CODE = YES;
				CLANG_WARN__DUPLICATE_METHOD_MATCH = YES;
				COPY_PHASE_STRIP = NO;
				DEBUG_INFORMATION_FORMAT = dwarf;
				ENABLE_STRICT_OBJC_MSGSEND = YES;
				ENABLE_TESTABILITY = YES;
				GCC_C_LANGUAGE_STANDARD = gnu11;
				GCC_DYNAMIC_NO_PIC = NO;
				GCC_NO_COMMON_BLOCKS = YES;
				GCC_OPTIMIZATION_LEVEL = 0;
				GCC_PREPROCESSOR_DEFINITIONS = (
					"DEBUG=1",
					"$(inherited)",
				);
				GCC_WARN_64_TO_32_BIT_CONVERSION = YES;
				GCC_WARN_ABOUT_RETURN_TYPE = YES_ERROR;
				GCC_WARN_UNDECLARED_SELECTOR = YES;
				GCC_WARN_UNINITIALIZED_AUTOS = YES_AGGRESSIVE;
				GCC_WARN_UNUSED_FUNCTION = YES;
				GCC_WARN_UNUSED_VARIABLE = YES;
				IPHONEOS_DEPLOYMENT_TARGET = 15.2;
				MTL_ENABLE_DEBUG_INFO = INCLUDE_SOURCE;
				MTL_FAST_MATH = YES;
				ONLY_ACTIVE_ARCH = YES;
				SDKROOT = iphoneos;
				SWIFT_ACTIVE_COMPILATION_CONDITIONS = DEBUG;
				SWIFT_OPTIMIZATION_LEVEL = "-Onone";
			};
			name = Debug;
		};
		89B83083278B4F910004456A /* Release */ = {
			isa = XCBuildConfiguration;
			buildSettings = {
				ALWAYS_SEARCH_USER_PATHS = NO;
				CLANG_ANALYZER_NONNULL = YES;
				CLANG_ANALYZER_NUMBER_OBJECT_CONVERSION = YES_AGGRESSIVE;
				CLANG_CXX_LANGUAGE_STANDARD = "gnu++17";
				CLANG_CXX_LIBRARY = "libc++";
				CLANG_ENABLE_MODULES = YES;
				CLANG_ENABLE_OBJC_ARC = YES;
				CLANG_ENABLE_OBJC_WEAK = YES;
				CLANG_WARN_BLOCK_CAPTURE_AUTORELEASING = YES;
				CLANG_WARN_BOOL_CONVERSION = YES;
				CLANG_WARN_COMMA = YES;
				CLANG_WARN_CONSTANT_CONVERSION = YES;
				CLANG_WARN_DEPRECATED_OBJC_IMPLEMENTATIONS = YES;
				CLANG_WARN_DIRECT_OBJC_ISA_USAGE = YES_ERROR;
				CLANG_WARN_DOCUMENTATION_COMMENTS = YES;
				CLANG_WARN_EMPTY_BODY = YES;
				CLANG_WARN_ENUM_CONVERSION = YES;
				CLANG_WARN_INFINITE_RECURSION = YES;
				CLANG_WARN_INT_CONVERSION = YES;
				CLANG_WARN_NON_LITERAL_NULL_CONVERSION = YES;
				CLANG_WARN_OBJC_IMPLICIT_RETAIN_SELF = YES;
				CLANG_WARN_OBJC_LITERAL_CONVERSION = YES;
				CLANG_WARN_OBJC_ROOT_CLASS = YES_ERROR;
				CLANG_WARN_QUOTED_INCLUDE_IN_FRAMEWORK_HEADER = YES;
				CLANG_WARN_RANGE_LOOP_ANALYSIS = YES;
				CLANG_WARN_STRICT_PROTOTYPES = YES;
				CLANG_WARN_SUSPICIOUS_MOVE = YES;
				CLANG_WARN_UNGUARDED_AVAILABILITY = YES_AGGRESSIVE;
				CLANG_WARN_UNREACHABLE_CODE = YES;
				CLANG_WARN__DUPLICATE_METHOD_MATCH = YES;
				COPY_PHASE_STRIP = NO;
				DEBUG_INFORMATION_FORMAT = "dwarf-with-dsym";
				ENABLE_NS_ASSERTIONS = NO;
				ENABLE_STRICT_OBJC_MSGSEND = YES;
				GCC_C_LANGUAGE_STANDARD = gnu11;
				GCC_NO_COMMON_BLOCKS = YES;
				GCC_WARN_64_TO_32_BIT_CONVERSION = YES;
				GCC_WARN_ABOUT_RETURN_TYPE = YES_ERROR;
				GCC_WARN_UNDECLARED_SELECTOR = YES;
				GCC_WARN_UNINITIALIZED_AUTOS = YES_AGGRESSIVE;
				GCC_WARN_UNUSED_FUNCTION = YES;
				GCC_WARN_UNUSED_VARIABLE = YES;
				IPHONEOS_DEPLOYMENT_TARGET = 15.2;
				MTL_ENABLE_DEBUG_INFO = NO;
				MTL_FAST_MATH = YES;
				SDKROOT = iphoneos;
				SWIFT_COMPILATION_MODE = wholemodule;
				SWIFT_OPTIMIZATION_LEVEL = "-O";
				VALIDATE_PRODUCT = YES;
			};
			name = Release;
		};
		89B83085278B4F910004456A /* Debug */ = {
			isa = XCBuildConfiguration;
			buildSettings = {
				ASSETCATALOG_COMPILER_APPICON_NAME = AppIcon;
				ASSETCATALOG_COMPILER_GLOBAL_ACCENT_COLOR_NAME = AccentColor;
				CODE_SIGN_STYLE = Automatic;
				CURRENT_PROJECT_VERSION = 1;
				DEVELOPMENT_TEAM = P5BAPBZ387;
				GENERATE_INFOPLIST_FILE = YES;
				INFOPLIST_FILE = Bankey/Info.plist;
				INFOPLIST_KEY_UIApplicationSupportsIndirectInputEvents = YES;
				INFOPLIST_KEY_UILaunchStoryboardName = LaunchScreen;
				INFOPLIST_KEY_UISupportedInterfaceOrientations = "UIInterfaceOrientationPortrait UIInterfaceOrientationLandscapeLeft UIInterfaceOrientationLandscapeRight";
				INFOPLIST_KEY_UISupportedInterfaceOrientations_iPad = "UIInterfaceOrientationPortrait UIInterfaceOrientationPortraitUpsideDown UIInterfaceOrientationLandscapeLeft UIInterfaceOrientationLandscapeRight";
				INFOPLIST_KEY_UISupportedInterfaceOrientations_iPhone = "UIInterfaceOrientationPortrait UIInterfaceOrientationLandscapeLeft UIInterfaceOrientationLandscapeRight";
				IPHONEOS_DEPLOYMENT_TARGET = 15.0;
				LD_RUNPATH_SEARCH_PATHS = (
					"$(inherited)",
					"@executable_path/Frameworks",
				);
				MARKETING_VERSION = 1.0;
				PRODUCT_BUNDLE_IDENTIFIER = evilroot.com.Bankey;
				PRODUCT_NAME = "$(TARGET_NAME)";
				SWIFT_EMIT_LOC_STRINGS = YES;
				SWIFT_VERSION = 5.0;
				TARGETED_DEVICE_FAMILY = "1,2";
			};
			name = Debug;
		};
		89B83086278B4F910004456A /* Release */ = {
			isa = XCBuildConfiguration;
			buildSettings = {
				ASSETCATALOG_COMPILER_APPICON_NAME = AppIcon;
				ASSETCATALOG_COMPILER_GLOBAL_ACCENT_COLOR_NAME = AccentColor;
				CODE_SIGN_STYLE = Automatic;
				CURRENT_PROJECT_VERSION = 1;
				DEVELOPMENT_TEAM = P5BAPBZ387;
				GENERATE_INFOPLIST_FILE = YES;
				INFOPLIST_FILE = Bankey/Info.plist;
				INFOPLIST_KEY_UIApplicationSupportsIndirectInputEvents = YES;
				INFOPLIST_KEY_UILaunchStoryboardName = LaunchScreen;
				INFOPLIST_KEY_UISupportedInterfaceOrientations = "UIInterfaceOrientationPortrait UIInterfaceOrientationLandscapeLeft UIInterfaceOrientationLandscapeRight";
				INFOPLIST_KEY_UISupportedInterfaceOrientations_iPad = "UIInterfaceOrientationPortrait UIInterfaceOrientationPortraitUpsideDown UIInterfaceOrientationLandscapeLeft UIInterfaceOrientationLandscapeRight";
				INFOPLIST_KEY_UISupportedInterfaceOrientations_iPhone = "UIInterfaceOrientationPortrait UIInterfaceOrientationLandscapeLeft UIInterfaceOrientationLandscapeRight";
				IPHONEOS_DEPLOYMENT_TARGET = 15.0;
				LD_RUNPATH_SEARCH_PATHS = (
					"$(inherited)",
					"@executable_path/Frameworks",
				);
				MARKETING_VERSION = 1.0;
				PRODUCT_BUNDLE_IDENTIFIER = evilroot.com.Bankey;
				PRODUCT_NAME = "$(TARGET_NAME)";
				SWIFT_EMIT_LOC_STRINGS = YES;
				SWIFT_VERSION = 5.0;
				TARGETED_DEVICE_FAMILY = "1,2";
			};
			name = Release;
		};
/* End XCBuildConfiguration section */

/* Begin XCConfigurationList section */
		89B8306B278B4F8E0004456A /* Build configuration list for PBXProject "Bankey" */ = {
			isa = XCConfigurationList;
			buildConfigurations = (
				89B83082278B4F910004456A /* Debug */,
				89B83083278B4F910004456A /* Release */,
			);
			defaultConfigurationIsVisible = 0;
			defaultConfigurationName = Release;
		};
		89B83084278B4F910004456A /* Build configuration list for PBXNativeTarget "Bankey" */ = {
			isa = XCConfigurationList;
			buildConfigurations = (
				89B83085278B4F910004456A /* Debug */,
				89B83086278B4F910004456A /* Release */,
			);
			defaultConfigurationIsVisible = 0;
			defaultConfigurationName = Release;
		};
/* End XCConfigurationList section */
	};
	rootObject = 89B83068278B4F8E0004456A /* Project object */;
}
